
Microsoft Visual Studio Solution File, Format Version 12.00
# Visual Studio Version 16
VisualStudioVersion = 16.0.31005.135
MinimumVisualStudioVersion = 10.0.40219.1
Project("{9A19103F-16F7-4668-BE54-9A1E7A4F7556}") = "ChatReport.Core", "ChatReport.Core\ChatReport.Core.csproj", "{D43E8A22-9CCF-4613-8E7F-488260FEA281}"
EndProject
Project("{9A19103F-16F7-4668-BE54-9A1E7A4F7556}") = "ChatReport.Data", "ChatReport.Data\ChatReport.Data.csproj", "{BE432AA1-3FC8-44A4-81FA-B3DD7B2E4DCC}"
EndProject
Project("{9A19103F-16F7-4668-BE54-9A1E7A4F7556}") = "ChatReport.Services", "ChatReport.Services\ChatReport.Services.csproj", "{6798B83E-D71F-4A77-B1F4-4892B4C1CFA8}"
EndProject
Project("{9A19103F-16F7-4668-BE54-9A1E7A4F7556}") = "ChatReport.Console", "ChatReport.Console\ChatReport.Console.csproj", "{33FBEC02-4DF5-4977-A14B-0022238E058B}"
EndProject
Project("{FAE04EC0-301F-11D3-BF4B-00C04F79EFBC}") = "ChatReport.Tests", "ChatReport.Tests\ChatReport.Tests.csproj", "{55C311FF-79E7-497E-85CE-DCC9090898C9}"
EndProject
Global
	GlobalSection(SolutionConfigurationPlatforms) = preSolution
		Debug|Any CPU = Debug|Any CPU
		Release|Any CPU = Release|Any CPU
	EndGlobalSection
	GlobalSection(ProjectConfigurationPlatforms) = postSolution
		{D43E8A22-9CCF-4613-8E7F-488260FEA281}.Debug|Any CPU.ActiveCfg = Debug|Any CPU
		{D43E8A22-9CCF-4613-8E7F-488260FEA281}.Debug|Any CPU.Build.0 = Debug|Any CPU
		{D43E8A22-9CCF-4613-8E7F-488260FEA281}.Release|Any CPU.ActiveCfg = Release|Any CPU
		{D43E8A22-9CCF-4613-8E7F-488260FEA281}.Release|Any CPU.Build.0 = Release|Any CPU
		{BE432AA1-3FC8-44A4-81FA-B3DD7B2E4DCC}.Debug|Any CPU.ActiveCfg = Debug|Any CPU
		{BE432AA1-3FC8-44A4-81FA-B3DD7B2E4DCC}.Debug|Any CPU.Build.0 = Debug|Any CPU
		{BE432AA1-3FC8-44A4-81FA-B3DD7B2E4DCC}.Release|Any CPU.ActiveCfg = Release|Any CPU
		{BE432AA1-3FC8-44A4-81FA-B3DD7B2E4DCC}.Release|Any CPU.Build.0 = Release|Any CPU
		{6798B83E-D71F-4A77-B1F4-4892B4C1CFA8}.Debug|Any CPU.ActiveCfg = Debug|Any CPU
		{6798B83E-D71F-4A77-B1F4-4892B4C1CFA8}.Debug|Any CPU.Build.0 = Debug|Any CPU
		{6798B83E-D71F-4A77-B1F4-4892B4C1CFA8}.Release|Any CPU.ActiveCfg = Release|Any CPU
		{6798B83E-D71F-4A77-B1F4-4892B4C1CFA8}.Release|Any CPU.Build.0 = Release|Any CPU
		{33FBEC02-4DF5-4977-A14B-0022238E058B}.Debug|Any CPU.ActiveCfg = Debug|Any CPU
		{33FBEC02-4DF5-4977-A14B-0022238E058B}.Debug|Any CPU.Build.0 = Debug|Any CPU
		{33FBEC02-4DF5-4977-A14B-0022238E058B}.Release|Any CPU.ActiveCfg = Release|Any CPU
		{33FBEC02-4DF5-4977-A14B-0022238E058B}.Release|Any CPU.Build.0 = Release|Any CPU
		{55C311FF-79E7-497E-85CE-DCC9090898C9}.Debug|Any CPU.ActiveCfg = Debug|Any CPU
		{55C311FF-79E7-497E-85CE-DCC9090898C9}.Debug|Any CPU.Build.0 = Debug|Any CPU
		{55C311FF-79E7-497E-85CE-DCC9090898C9}.Release|Any CPU.ActiveCfg = Release|Any CPU
		{55C311FF-79E7-497E-85CE-DCC9090898C9}.Release|Any CPU.Build.0 = Release|Any CPU
	EndGlobalSection
	GlobalSection(SolutionProperties) = preSolution
		HideSolutionNode = FALSE
	EndGlobalSection
	GlobalSection(ExtensibilityGlobals) = postSolution
		SolutionGuid = {3EFD7FA2-A404-4008-923D-C95F5930845B}
	EndGlobalSection
EndGlobal
